
Microsoft Visual Studio Solution File, Format Version 12.00
# Visual Studio Version 17
VisualStudioVersion = 17.3.32929.385
MinimumVisualStudioVersion = 10.0.40219.1
Project("{FAE04EC0-301F-11D3-BF4B-00C04F79EFBC}") = "JenkinsAsp", "JenkinsAsp\JenkinsAsp.csproj", "{9B9DA274-FE93-4835-9D6D-6F7BBE8F6BEB}"
EndProject
Global
	GlobalSection(SolutionConfigurationPlatforms) = preSolution
		Debug|Any CPU = Debug|Any CPU
		Release|Any CPU = Release|Any CPU
	EndGlobalSection
	GlobalSection(ProjectConfigurationPlatforms) = postSolution
		{9B9DA274-FE93-4835-9D6D-6F7BBE8F6BEB}.Debug|Any CPU.ActiveCfg = Debug|Any CPU
		{9B9DA274-FE93-4835-9D6D-6F7BBE8F6BEB}.Debug|Any CPU.Build.0 = Debug|Any CPU
		{9B9DA274-FE93-4835-9D6D-6F7BBE8F6BEB}.Release|Any CPU.ActiveCfg = Release|Any CPU
		{9B9DA274-FE93-4835-9D6D-6F7BBE8F6BEB}.Release|Any CPU.Build.0 = Release|Any CPU
	EndGlobalSection
	GlobalSection(SolutionProperties) = preSolution
		HideSolutionNode = FALSE
	EndGlobalSection
	GlobalSection(ExtensibilityGlobals) = postSolution
		SolutionGuid = {EE563FE6-70D8-4671-96F7-F764CEE207DB}
	EndGlobalSection
EndGlobal
